
Microsoft Visual Studio Solution File, Format Version 12.00
# Visual Studio Version 17
VisualStudioVersion = 17.5.33209.295
MinimumVisualStudioVersion = 10.0.40219.1
Project("{FAE04EC0-301F-11D3-BF4B-00C04F79EFBC}") = "NetworkedVegas2", "NetworkedVegas2.csproj", "{80DC66DA-6281-4EB3-BBBC-4BD26C0B87B3}"
EndProject
Global
	GlobalSection(SolutionConfigurationPlatforms) = preSolution
		Debug|Any CPU = Debug|Any CPU
		Release|Any CPU = Release|Any CPU
	EndGlobalSection
	GlobalSection(ProjectConfigurationPlatforms) = postSolution
		{80DC66DA-6281-4EB3-BBBC-4BD26C0B87B3}.Debug|Any CPU.ActiveCfg = Debug|Any CPU
		{80DC66DA-6281-4EB3-BBBC-4BD26C0B87B3}.Debug|Any CPU.Build.0 = Debug|Any CPU
		{80DC66DA-6281-4EB3-BBBC-4BD26C0B87B3}.Release|Any CPU.ActiveCfg = Release|Any CPU
		{80DC66DA-6281-4EB3-BBBC-4BD26C0B87B3}.Release|Any CPU.Build.0 = Release|Any CPU
	EndGlobalSection
	GlobalSection(SolutionProperties) = preSolution
		HideSolutionNode = FALSE
	EndGlobalSection
	GlobalSection(ExtensibilityGlobals) = postSolution
		SolutionGuid = {C7B88D4A-C8DF-4C6A-A6FE-0C80847EFF24}
	EndGlobalSection
EndGlobal
